
Microsoft Visual Studio Solution File, Format Version 12.00
# Visual Studio 14
VisualStudioVersion = 14.0.25420.1
MinimumVisualStudioVersion = 10.0.40219.1
Project("{FAE04EC0-301F-11D3-BF4B-00C04F79EFBC}") = "WC.BLL", "WC.BLL.csproj\WC.BLL.csproj", "{5081B25C-6B98-4CED-9F99-A51B3FA82F70}"
EndProject
Project("{FAE04EC0-301F-11D3-BF4B-00C04F79EFBC}") = "WC.Common", "WC.Common.csproj\WC.Common.csproj", "{C81AAD57-69A6-495D-9156-1527625ADB80}"
EndProject
Project("{FAE04EC0-301F-11D3-BF4B-00C04F79EFBC}") = "WC.DAL", "WC.DAL.csproj\WC.DAL.csproj", "{681DF92E-09DE-4F45-B4A0-9068455A709A}"
EndProject
Project("{FAE04EC0-301F-11D3-BF4B-00C04F79EFBC}") = "WC.DBUtility", "WC.DBUtility.csproj\WC.DBUtility.csproj", "{A7454FF9-5AC8-4BEE-B494-E32E98CB5772}"
EndProject
Project("{FAE04EC0-301F-11D3-BF4B-00C04F79EFBC}") = "WC.Factory", "WC.Factory.csproj\WC.Factory.csproj", "{B8CFEC48-A4CE-41CB-B076-68AAD13C6192}"
EndProject
Project("{FAE04EC0-301F-11D3-BF4B-00C04F79EFBC}") = "WC.IDAL", "WC.IDAL.csproj\WC.IDAL.csproj", "{2EC030E3-959E-4FE8-B138-99C099494D02}"
EndProject
Project("{FAE04EC0-301F-11D3-BF4B-00C04F79EFBC}") = "WC.Model", "WC.Model.csproj\WC.Model.csproj", "{320873E5-D7BD-45C6-88A4-1A2F06FF0574}"
EndProject
Project("{FAE04EC0-301F-11D3-BF4B-00C04F79EFBC}") = "WC.Tool", "WC.Tool.csproj\WC.Tool.csproj", "{DD6BFE72-9F12-4403-9C97-7E65CD77D1CD}"
EndProject
Project("{FAE04EC0-301F-11D3-BF4B-00C04F79EFBC}") = "WC.WebUI", "WC.WebUI\WC.WebUI.csproj", "{374BA110-DA70-4F81-A676-85292C15D80E}"
EndProject
Project("{FAE04EC0-301F-11D3-BF4B-00C04F79EFBC}") = "Core", "Core\Core.csproj", "{8C0E4C10-0DC8-40E2-8ACE-E68E858DF25B}"
EndProject
Project("{FAE04EC0-301F-11D3-BF4B-00C04F79EFBC}") = "Core.Web", "Core.Web\Core.Web.csproj", "{9ECD03CC-F828-4B8C-B4A2-F5B60BBF1CF9}"
EndProject
Global
	GlobalSection(SolutionConfigurationPlatforms) = preSolution
		Debug|Any CPU = Debug|Any CPU
		Debug|Mixed Platforms = Debug|Mixed Platforms
		Debug|x86 = Debug|x86
		Release|Any CPU = Release|Any CPU
		Release|Mixed Platforms = Release|Mixed Platforms
		Release|x86 = Release|x86
	EndGlobalSection
	GlobalSection(ProjectConfigurationPlatforms) = postSolution
		{5081B25C-6B98-4CED-9F99-A51B3FA82F70}.Debug|Any CPU.ActiveCfg = Debug|Any CPU
		{5081B25C-6B98-4CED-9F99-A51B3FA82F70}.Debug|Any CPU.Build.0 = Debug|Any CPU
		{5081B25C-6B98-4CED-9F99-A51B3FA82F70}.Debug|Mixed Platforms.ActiveCfg = Debug|Any CPU
		{5081B25C-6B98-4CED-9F99-A51B3FA82F70}.Debug|Mixed Platforms.Build.0 = Debug|Any CPU
		{5081B25C-6B98-4CED-9F99-A51B3FA82F70}.Debug|x86.ActiveCfg = Debug|Any CPU
		{5081B25C-6B98-4CED-9F99-A51B3FA82F70}.Release|Any CPU.ActiveCfg = Release|Any CPU
		{5081B25C-6B98-4CED-9F99-A51B3FA82F70}.Release|Any CPU.Build.0 = Release|Any CPU
		{5081B25C-6B98-4CED-9F99-A51B3FA82F70}.Release|Mixed Platforms.ActiveCfg = Release|Any CPU
		{5081B25C-6B98-4CED-9F99-A51B3FA82F70}.Release|Mixed Platforms.Build.0 = Release|Any CPU
		{5081B25C-6B98-4CED-9F99-A51B3FA82F70}.Release|x86.ActiveCfg = Release|Any CPU
		{C81AAD57-69A6-495D-9156-1527625ADB80}.Debug|Any CPU.ActiveCfg = Debug|Any CPU
		{C81AAD57-69A6-495D-9156-1527625ADB80}.Debug|Any CPU.Build.0 = Debug|Any CPU
		{C81AAD57-69A6-495D-9156-1527625ADB80}.Debug|Mixed Platforms.ActiveCfg = Debug|Any CPU
		{C81AAD57-69A6-495D-9156-1527625ADB80}.Debug|Mixed Platforms.Build.0 = Debug|Any CPU
		{C81AAD57-69A6-495D-9156-1527625ADB80}.Debug|x86.ActiveCfg = Debug|Any CPU
		{C81AAD57-69A6-495D-9156-1527625ADB80}.Release|Any CPU.ActiveCfg = Release|Any CPU
		{C81AAD57-69A6-495D-9156-1527625ADB80}.Release|Any CPU.Build.0 = Release|Any CPU
		{C81AAD57-69A6-495D-9156-1527625ADB80}.Release|Mixed Platforms.ActiveCfg = Release|Any CPU
		{C81AAD57-69A6-495D-9156-1527625ADB80}.Release|Mixed Platforms.Build.0 = Release|Any CPU
		{C81AAD57-69A6-495D-9156-1527625ADB80}.Release|x86.ActiveCfg = Release|Any CPU
		{681DF92E-09DE-4F45-B4A0-9068455A709A}.Debug|Any CPU.ActiveCfg = Debug|Any CPU
		{681DF92E-09DE-4F45-B4A0-9068455A709A}.Debug|Any CPU.Build.0 = Debug|Any CPU
		{681DF92E-09DE-4F45-B4A0-9068455A709A}.Debug|Mixed Platforms.ActiveCfg = Debug|Any CPU
		{681DF92E-09DE-4F45-B4A0-9068455A709A}.Debug|Mixed Platforms.Build.0 = Debug|Any CPU
		{681DF92E-09DE-4F45-B4A0-9068455A709A}.Debug|x86.ActiveCfg = Debug|Any CPU
		{681DF92E-09DE-4F45-B4A0-9068455A709A}.Release|Any CPU.ActiveCfg = Release|Any CPU
		{681DF92E-09DE-4F45-B4A0-9068455A709A}.Release|Any CPU.Build.0 = Release|Any CPU
		{681DF92E-09DE-4F45-B4A0-9068455A709A}.Release|Mixed Platforms.ActiveCfg = Release|Any CPU
		{681DF92E-09DE-4F45-B4A0-9068455A709A}.Release|Mixed Platforms.Build.0 = Release|Any CPU
		{681DF92E-09DE-4F45-B4A0-9068455A709A}.Release|x86.ActiveCfg = Release|Any CPU
		{A7454FF9-5AC8-4BEE-B494-E32E98CB5772}.Debug|Any CPU.ActiveCfg = Debug|Any CPU
		{A7454FF9-5AC8-4BEE-B494-E32E98CB5772}.Debug|Any CPU.Build.0 = Debug|Any CPU
		{A7454FF9-5AC8-4BEE-B494-E32E98CB5772}.Debug|Mixed Platforms.ActiveCfg = Debug|Any CPU
		{A7454FF9-5AC8-4BEE-B494-E32E98CB5772}.Debug|Mixed Platforms.Build.0 = Debug|Any CPU
		{A7454FF9-5AC8-4BEE-B494-E32E98CB5772}.Debug|x86.ActiveCfg = Debug|Any CPU
		{A7454FF9-5AC8-4BEE-B494-E32E98CB5772}.Release|Any CPU.ActiveCfg = Release|Any CPU
		{A7454FF9-5AC8-4BEE-B494-E32E98CB5772}.Release|Any CPU.Build.0 = Release|Any CPU
		{A7454FF9-5AC8-4BEE-B494-E32E98CB5772}.Release|Mixed Platforms.ActiveCfg = Release|Any CPU
		{A7454FF9-5AC8-4BEE-B494-E32E98CB5772}.Release|Mixed Platforms.Build.0 = Release|Any CPU
		{A7454FF9-5AC8-4BEE-B494-E32E98CB5772}.Release|x86.ActiveCfg = Release|Any CPU
		{B8CFEC48-A4CE-41CB-B076-68AAD13C6192}.Debug|Any CPU.ActiveCfg = Debug|Any CPU
		{B8CFEC48-A4CE-41CB-B076-68AAD13C6192}.Debug|Any CPU.Build.0 = Debug|Any CPU
		{B8CFEC48-A4CE-41CB-B076-68AAD13C6192}.Debug|Mixed Platforms.ActiveCfg = Debug|Any CPU
		{B8CFEC48-A4CE-41CB-B076-68AAD13C6192}.Debug|Mixed Platforms.Build.0 = Debug|Any CPU
		{B8CFEC48-A4CE-41CB-B076-68AAD13C6192}.Debug|x86.ActiveCfg = Debug|Any CPU
		{B8CFEC48-A4CE-41CB-B076-68AAD13C6192}.Release|Any CPU.ActiveCfg = Release|Any CPU
		{B8CFEC48-A4CE-41CB-B076-68AAD13C6192}.Release|Any CPU.Build.0 = Release|Any CPU
		{B8CFEC48-A4CE-41CB-B076-68AAD13C6192}.Release|Mixed Platforms.ActiveCfg = Release|Any CPU
		{B8CFEC48-A4CE-41CB-B076-68AAD13C6192}.Release|Mixed Platforms.Build.0 = Release|Any CPU
		{B8CFEC48-A4CE-41CB-B076-68AAD13C6192}.Release|x86.ActiveCfg = Release|Any CPU
		{2EC030E3-959E-4FE8-B138-99C099494D02}.Debug|Any CPU.ActiveCfg = Debug|Any CPU
		{2EC030E3-959E-4FE8-B138-99C099494D02}.Debug|Any CPU.Build.0 = Debug|Any CPU
		{2EC030E3-959E-4FE8-B138-99C099494D02}.Debug|Mixed Platforms.ActiveCfg = Debug|Any CPU
		{2EC030E3-959E-4FE8-B138-99C099494D02}.Debug|Mixed Platforms.Build.0 = Debug|Any CPU
		{2EC030E3-959E-4FE8-B138-99C099494D02}.Debug|x86.ActiveCfg = Debug|Any CPU
		{2EC030E3-959E-4FE8-B138-99C099494D02}.Release|Any CPU.ActiveCfg = Release|Any CPU
		{2EC030E3-959E-4FE8-B138-99C099494D02}.Release|Any CPU.Build.0 = Release|Any CPU
		{2EC030E3-959E-4FE8-B138-99C099494D02}.Release|Mixed Platforms.ActiveCfg = Release|Any CPU
		{2EC030E3-959E-4FE8-B138-99C099494D02}.Release|Mixed Platforms.Build.0 = Release|Any CPU
		{2EC030E3-959E-4FE8-B138-99C099494D02}.Release|x86.ActiveCfg = Release|Any CPU
		{320873E5-D7BD-45C6-88A4-1A2F06FF0574}.Debug|Any CPU.ActiveCfg = Debug|Any CPU
		{320873E5-D7BD-45C6-88A4-1A2F06FF0574}.Debug|Any CPU.Build.0 = Debug|Any CPU
		{320873E5-D7BD-45C6-88A4-1A2F06FF0574}.Debug|Mixed Platforms.ActiveCfg = Debug|Any CPU
		{320873E5-D7BD-45C6-88A4-1A2F06FF0574}.Debug|Mixed Platforms.Build.0 = Debug|Any CPU
		{320873E5-D7BD-45C6-88A4-1A2F06FF0574}.Debug|x86.ActiveCfg = Debug|Any CPU
		{320873E5-D7BD-45C6-88A4-1A2F06FF0574}.Release|Any CPU.ActiveCfg = Release|Any CPU
		{320873E5-D7BD-45C6-88A4-1A2F06FF0574}.Release|Any CPU.Build.0 = Release|Any CPU
		{320873E5-D7BD-45C6-88A4-1A2F06FF0574}.Release|Mixed Platforms.ActiveCfg = Release|Any CPU
		{320873E5-D7BD-45C6-88A4-1A2F06FF0574}.Release|Mixed Platforms.Build.0 = Release|Any CPU
		{320873E5-D7BD-45C6-88A4-1A2F06FF0574}.Release|x86.ActiveCfg = Release|Any CPU
		{DD6BFE72-9F12-4403-9C97-7E65CD77D1CD}.Debug|Any CPU.ActiveCfg = Debug|Any CPU
		{DD6BFE72-9F12-4403-9C97-7E65CD77D1CD}.Debug|Any CPU.Build.0 = Debug|Any CPU
		{DD6BFE72-9F12-4403-9C97-7E65CD77D1CD}.Debug|Mixed Platforms.ActiveCfg = Debug|Any CPU
		{DD6BFE72-9F12-4403-9C97-7E65CD77D1CD}.Debug|Mixed Platforms.Build.0 = Debug|Any CPU
		{DD6BFE72-9F12-4403-9C97-7E65CD77D1CD}.Debug|x86.ActiveCfg = Debug|Any CPU
		{DD6BFE72-9F12-4403-9C97-7E65CD77D1CD}.Release|Any CPU.ActiveCfg = Release|Any CPU
		{DD6BFE72-9F12-4403-9C97-7E65CD77D1CD}.Release|Any CPU.Build.0 = Release|Any CPU
		{DD6BFE72-9F12-4403-9C97-7E65CD77D1CD}.Release|Mixed Platforms.ActiveCfg = Release|Any CPU
		{DD6BFE72-9F12-4403-9C97-7E65CD77D1CD}.Release|Mixed Platforms.Build.0 = Release|Any CPU
		{DD6BFE72-9F12-4403-9C97-7E65CD77D1CD}.Release|x86.ActiveCfg = Release|Any CPU
		{374BA110-DA70-4F81-A676-85292C15D80E}.Debug|Any CPU.ActiveCfg = Debug|Any CPU
		{374BA110-DA70-4F81-A676-85292C15D80E}.Debug|Any CPU.Build.0 = Debug|Any CPU
		{374BA110-DA70-4F81-A676-85292C15D80E}.Debug|Mixed Platforms.ActiveCfg = Debug|Any CPU
		{374BA110-DA70-4F81-A676-85292C15D80E}.Debug|Mixed Platforms.Build.0 = Debug|Any CPU
		{374BA110-DA70-4F81-A676-85292C15D80E}.Debug|x86.ActiveCfg = Debug|Any CPU
		{374BA110-DA70-4F81-A676-85292C15D80E}.Release|Any CPU.ActiveCfg = Release|Any CPU
		{374BA110-DA70-4F81-A676-85292C15D80E}.Release|Any CPU.Build.0 = Release|Any CPU
		{374BA110-DA70-4F81-A676-85292C15D80E}.Release|Mixed Platforms.ActiveCfg = Release|Any CPU
		{374BA110-DA70-4F81-A676-85292C15D80E}.Release|Mixed Platforms.Build.0 = Release|Any CPU
		{374BA110-DA70-4F81-A676-85292C15D80E}.Release|x86.ActiveCfg = Release|Any CPU
		{8C0E4C10-0DC8-40E2-8ACE-E68E858DF25B}.Debug|Any CPU.ActiveCfg = Debug|x86
		{8C0E4C10-0DC8-40E2-8ACE-E68E858DF25B}.Debug|Mixed Platforms.ActiveCfg = Debug|x86
		{8C0E4C10-0DC8-40E2-8ACE-E68E858DF25B}.Debug|Mixed Platforms.Build.0 = Debug|x86
		{8C0E4C10-0DC8-40E2-8ACE-E68E858DF25B}.Debug|x86.ActiveCfg = Debug|x86
		{8C0E4C10-0DC8-40E2-8ACE-E68E858DF25B}.Debug|x86.Build.0 = Debug|x86
		{8C0E4C10-0DC8-40E2-8ACE-E68E858DF25B}.Release|Any CPU.ActiveCfg = Release|x86
		{8C0E4C10-0DC8-40E2-8ACE-E68E858DF25B}.Release|Mixed Platforms.ActiveCfg = Release|x86
		{8C0E4C10-0DC8-40E2-8ACE-E68E858DF25B}.Release|Mixed Platforms.Build.0 = Release|x86
		{8C0E4C10-0DC8-40E2-8ACE-E68E858DF25B}.Release|x86.ActiveCfg = Release|x86
		{8C0E4C10-0DC8-40E2-8ACE-E68E858DF25B}.Release|x86.Build.0 = Release|x86
		{9ECD03CC-F828-4B8C-B4A2-F5B60BBF1CF9}.Debug|Any CPU.ActiveCfg = Debug|x86
		{9ECD03CC-F828-4B8C-B4A2-F5B60BBF1CF9}.Debug|Mixed Platforms.ActiveCfg = Debug|x86
		{9ECD03CC-F828-4B8C-B4A2-F5B60BBF1CF9}.Debug|Mixed Platforms.Build.0 = Debug|x86
		{9ECD03CC-F828-4B8C-B4A2-F5B60BBF1CF9}.Debug|x86.ActiveCfg = Debug|x86
		{9ECD03CC-F828-4B8C-B4A2-F5B60BBF1CF9}.Debug|x86.Build.0 = Debug|x86
		{9ECD03CC-F828-4B8C-B4A2-F5B60BBF1CF9}.Release|Any CPU.ActiveCfg = Release|x86
		{9ECD03CC-F828-4B8C-B4A2-F5B60BBF1CF9}.Release|Mixed Platforms.ActiveCfg = Release|x86
		{9ECD03CC-F828-4B8C-B4A2-F5B60BBF1CF9}.Release|Mixed Platforms.Build.0 = Release|x86
		{9ECD03CC-F828-4B8C-B4A2-F5B60BBF1CF9}.Release|x86.ActiveCfg = Release|x86
		{9ECD03CC-F828-4B8C-B4A2-F5B60BBF1CF9}.Release|x86.Build.0 = Release|x86
	EndGlobalSection
	GlobalSection(SolutionProperties) = preSolution
		HideSolutionNode = FALSE
	EndGlobalSection
EndGlobal
